
Microsoft Visual Studio Solution File, Format Version 12.00
# Visual Studio Version 17
VisualStudioVersion = 17.11.35327.3
MinimumVisualStudioVersion = 10.0.40219.1
Project("{9A19103F-16F7-4668-BE54-9A1E7A4F7556}") = "Tea-Commerce", "Tea-Commerce\Tea-Commerce.csproj", "{4A8D5BD2-5A2C-4C2C-AFD4-3E3BC132429E}"
EndProject
Project("{9A19103F-16F7-4668-BE54-9A1E7A4F7556}") = "Tea.Application", "Tea.Application\Tea.Application.csproj", "{FBA00E7B-3D43-4E68-A571-6606B37B2524}"
EndProject
Project("{9A19103F-16F7-4668-BE54-9A1E7A4F7556}") = "Tea.Application.Tests", "Tea.Application.Tests\Tea.Application.Tests.csproj", "{4D05DF04-B1A4-4F9B-B0BF-586E220CFEC7}"
EndProject
Project("{9A19103F-16F7-4668-BE54-9A1E7A4F7556}") = "Tea.Domain", "Tea.Domain\Tea.Domain.csproj", "{C4B1EFA4-D47C-4C0F-9FE9-4CF0F1A9218E}"
EndProject
Project("{9A19103F-16F7-4668-BE54-9A1E7A4F7556}") = "Tea.Domain.Tests", "Tea.Domain.Tests\Tea.Domain.Tests.csproj", "{9958B355-EAA0-4413-A67B-62A1C82B5292}"
EndProject
Project("{9A19103F-16F7-4668-BE54-9A1E7A4F7556}") = "Tea-Commerce.Tests", "Tea-Commerce.Tests\Tea-Commerce.Tests.csproj", "{D49B3299-8EE5-4980-A334-F7EE01A7EB48}"
EndProject
Project("{9A19103F-16F7-4668-BE54-9A1E7A4F7556}") = "Tea-Commerce.IntegrationTests", "Tea-Commerce.IntegrationTests\Tea-Commerce.IntegrationTests.csproj", "{D8DAF8FB-5107-480E-A7F9-E33EE05ECEDC}"
EndProject
Project("{E53339B2-1760-4266-BCC7-CA923CBCF16C}") = "docker-compose", "docker-compose.dcproj", "{ACA4BFB2-9DBB-470C-BF44-5ACAE71122AF}"
EndProject
Project("{9A19103F-16F7-4668-BE54-9A1E7A4F7556}") = "User.Application", "User.Application\User.Application.csproj", "{92F1CCD8-9D47-49EF-9D2A-14B4F69FFE0D}"
EndProject
Project("{9A19103F-16F7-4668-BE54-9A1E7A4F7556}") = "UserService", "UserService\UserService.csproj", "{4165FC0A-AC56-4253-B57C-228922EFF5C2}"
EndProject
Project("{9A19103F-16F7-4668-BE54-9A1E7A4F7556}") = "User.Domain", "User.Domain\User.Domain.csproj", "{1790132B-86F2-4FF5-B3A4-3D6B278C9D42}"
EndProject
Project("{2150E333-8FDC-42A3-9474-1A3956D46DE8}") = "Tea", "Tea", "{6E105637-4DDE-444D-B557-B40556BB78D7}"
EndProject
Project("{2150E333-8FDC-42A3-9474-1A3956D46DE8}") = "User", "User", "{6A8065FE-9F0B-4714-96DC-B91A697F2E90}"
EndProject
Project("{2150E333-8FDC-42A3-9474-1A3956D46DE8}") = "tests", "tests", "{6E074411-07BC-47B2-B8A9-EFB2A78200F5}"
EndProject
Global
	GlobalSection(SolutionConfigurationPlatforms) = preSolution
		Debug|Any CPU = Debug|Any CPU
		Release|Any CPU = Release|Any CPU
	EndGlobalSection
	GlobalSection(ProjectConfigurationPlatforms) = postSolution
		{4A8D5BD2-5A2C-4C2C-AFD4-3E3BC132429E}.Debug|Any CPU.ActiveCfg = Debug|Any CPU
		{4A8D5BD2-5A2C-4C2C-AFD4-3E3BC132429E}.Debug|Any CPU.Build.0 = Debug|Any CPU
		{4A8D5BD2-5A2C-4C2C-AFD4-3E3BC132429E}.Release|Any CPU.ActiveCfg = Release|Any CPU
		{4A8D5BD2-5A2C-4C2C-AFD4-3E3BC132429E}.Release|Any CPU.Build.0 = Release|Any CPU
		{FBA00E7B-3D43-4E68-A571-6606B37B2524}.Debug|Any CPU.ActiveCfg = Debug|Any CPU
		{FBA00E7B-3D43-4E68-A571-6606B37B2524}.Debug|Any CPU.Build.0 = Debug|Any CPU
		{FBA00E7B-3D43-4E68-A571-6606B37B2524}.Release|Any CPU.ActiveCfg = Release|Any CPU
		{FBA00E7B-3D43-4E68-A571-6606B37B2524}.Release|Any CPU.Build.0 = Release|Any CPU
		{4D05DF04-B1A4-4F9B-B0BF-586E220CFEC7}.Debug|Any CPU.ActiveCfg = Debug|Any CPU
		{4D05DF04-B1A4-4F9B-B0BF-586E220CFEC7}.Debug|Any CPU.Build.0 = Debug|Any CPU
		{4D05DF04-B1A4-4F9B-B0BF-586E220CFEC7}.Release|Any CPU.ActiveCfg = Release|Any CPU
		{4D05DF04-B1A4-4F9B-B0BF-586E220CFEC7}.Release|Any CPU.Build.0 = Release|Any CPU
		{C4B1EFA4-D47C-4C0F-9FE9-4CF0F1A9218E}.Debug|Any CPU.ActiveCfg = Debug|Any CPU
		{C4B1EFA4-D47C-4C0F-9FE9-4CF0F1A9218E}.Debug|Any CPU.Build.0 = Debug|Any CPU
		{C4B1EFA4-D47C-4C0F-9FE9-4CF0F1A9218E}.Release|Any CPU.ActiveCfg = Release|Any CPU
		{C4B1EFA4-D47C-4C0F-9FE9-4CF0F1A9218E}.Release|Any CPU.Build.0 = Release|Any CPU
		{9958B355-EAA0-4413-A67B-62A1C82B5292}.Debug|Any CPU.ActiveCfg = Debug|Any CPU
		{9958B355-EAA0-4413-A67B-62A1C82B5292}.Debug|Any CPU.Build.0 = Debug|Any CPU
		{9958B355-EAA0-4413-A67B-62A1C82B5292}.Release|Any CPU.ActiveCfg = Release|Any CPU
		{9958B355-EAA0-4413-A67B-62A1C82B5292}.Release|Any CPU.Build.0 = Release|Any CPU
		{D49B3299-8EE5-4980-A334-F7EE01A7EB48}.Debug|Any CPU.ActiveCfg = Debug|Any CPU
		{D49B3299-8EE5-4980-A334-F7EE01A7EB48}.Debug|Any CPU.Build.0 = Debug|Any CPU
		{D49B3299-8EE5-4980-A334-F7EE01A7EB48}.Release|Any CPU.ActiveCfg = Release|Any CPU
		{D49B3299-8EE5-4980-A334-F7EE01A7EB48}.Release|Any CPU.Build.0 = Release|Any CPU
		{D8DAF8FB-5107-480E-A7F9-E33EE05ECEDC}.Debug|Any CPU.ActiveCfg = Debug|Any CPU
		{D8DAF8FB-5107-480E-A7F9-E33EE05ECEDC}.Debug|Any CPU.Build.0 = Debug|Any CPU
		{D8DAF8FB-5107-480E-A7F9-E33EE05ECEDC}.Release|Any CPU.ActiveCfg = Release|Any CPU
		{D8DAF8FB-5107-480E-A7F9-E33EE05ECEDC}.Release|Any CPU.Build.0 = Release|Any CPU
		{ACA4BFB2-9DBB-470C-BF44-5ACAE71122AF}.Debug|Any CPU.ActiveCfg = Debug|Any CPU
		{ACA4BFB2-9DBB-470C-BF44-5ACAE71122AF}.Debug|Any CPU.Build.0 = Debug|Any CPU
		{ACA4BFB2-9DBB-470C-BF44-5ACAE71122AF}.Release|Any CPU.ActiveCfg = Release|Any CPU
		{ACA4BFB2-9DBB-470C-BF44-5ACAE71122AF}.Release|Any CPU.Build.0 = Release|Any CPU
		{92F1CCD8-9D47-49EF-9D2A-14B4F69FFE0D}.Debug|Any CPU.ActiveCfg = Debug|Any CPU
		{92F1CCD8-9D47-49EF-9D2A-14B4F69FFE0D}.Debug|Any CPU.Build.0 = Debug|Any CPU
		{92F1CCD8-9D47-49EF-9D2A-14B4F69FFE0D}.Release|Any CPU.ActiveCfg = Release|Any CPU
		{92F1CCD8-9D47-49EF-9D2A-14B4F69FFE0D}.Release|Any CPU.Build.0 = Release|Any CPU
		{4165FC0A-AC56-4253-B57C-228922EFF5C2}.Debug|Any CPU.ActiveCfg = Debug|Any CPU
		{4165FC0A-AC56-4253-B57C-228922EFF5C2}.Debug|Any CPU.Build.0 = Debug|Any CPU
		{4165FC0A-AC56-4253-B57C-228922EFF5C2}.Release|Any CPU.ActiveCfg = Release|Any CPU
		{4165FC0A-AC56-4253-B57C-228922EFF5C2}.Release|Any CPU.Build.0 = Release|Any CPU
		{1790132B-86F2-4FF5-B3A4-3D6B278C9D42}.Debug|Any CPU.ActiveCfg = Debug|Any CPU
		{1790132B-86F2-4FF5-B3A4-3D6B278C9D42}.Debug|Any CPU.Build.0 = Debug|Any CPU
		{1790132B-86F2-4FF5-B3A4-3D6B278C9D42}.Release|Any CPU.ActiveCfg = Release|Any CPU
		{1790132B-86F2-4FF5-B3A4-3D6B278C9D42}.Release|Any CPU.Build.0 = Release|Any CPU
	EndGlobalSection
	GlobalSection(SolutionProperties) = preSolution
		HideSolutionNode = FALSE
	EndGlobalSection
	GlobalSection(NestedProjects) = preSolution
		{4A8D5BD2-5A2C-4C2C-AFD4-3E3BC132429E} = {6E105637-4DDE-444D-B557-B40556BB78D7}
		{FBA00E7B-3D43-4E68-A571-6606B37B2524} = {6E105637-4DDE-444D-B557-B40556BB78D7}
		{4D05DF04-B1A4-4F9B-B0BF-586E220CFEC7} = {6E074411-07BC-47B2-B8A9-EFB2A78200F5}
		{C4B1EFA4-D47C-4C0F-9FE9-4CF0F1A9218E} = {6E105637-4DDE-444D-B557-B40556BB78D7}
		{9958B355-EAA0-4413-A67B-62A1C82B5292} = {6E074411-07BC-47B2-B8A9-EFB2A78200F5}
		{D49B3299-8EE5-4980-A334-F7EE01A7EB48} = {6E074411-07BC-47B2-B8A9-EFB2A78200F5}
		{D8DAF8FB-5107-480E-A7F9-E33EE05ECEDC} = {6E074411-07BC-47B2-B8A9-EFB2A78200F5}
		{92F1CCD8-9D47-49EF-9D2A-14B4F69FFE0D} = {6A8065FE-9F0B-4714-96DC-B91A697F2E90}
		{4165FC0A-AC56-4253-B57C-228922EFF5C2} = {6A8065FE-9F0B-4714-96DC-B91A697F2E90}
		{1790132B-86F2-4FF5-B3A4-3D6B278C9D42} = {6A8065FE-9F0B-4714-96DC-B91A697F2E90}
		{6E074411-07BC-47B2-B8A9-EFB2A78200F5} = {6E105637-4DDE-444D-B557-B40556BB78D7}
	EndGlobalSection
	GlobalSection(ExtensibilityGlobals) = postSolution
		SolutionGuid = {AA66717E-D0D2-4A38-9B70-8CED76D451EF}
	EndGlobalSection
EndGlobal
