
Microsoft Visual Studio Solution File, Format Version 12.00
# Visual Studio Version 17
VisualStudioVersion = 17.11.35327.3
MinimumVisualStudioVersion = 10.0.40219.1
Project("{FAE04EC0-301F-11D3-BF4B-00C04F79EFBC}") = "Tea-Commerce", "Tea-Commerce\Tea-Commerce.csproj", "{4A8D5BD2-5A2C-4C2C-AFD4-3E3BC132429E}"
EndProject
Global
	GlobalSection(SolutionConfigurationPlatforms) = preSolution
		Debug|Any CPU = Debug|Any CPU
		Release|Any CPU = Release|Any CPU
	EndGlobalSection
	GlobalSection(ProjectConfigurationPlatforms) = postSolution
		{4A8D5BD2-5A2C-4C2C-AFD4-3E3BC132429E}.Debug|Any CPU.ActiveCfg = Debug|Any CPU
		{4A8D5BD2-5A2C-4C2C-AFD4-3E3BC132429E}.Debug|Any CPU.Build.0 = Debug|Any CPU
		{4A8D5BD2-5A2C-4C2C-AFD4-3E3BC132429E}.Release|Any CPU.ActiveCfg = Release|Any CPU
		{4A8D5BD2-5A2C-4C2C-AFD4-3E3BC132429E}.Release|Any CPU.Build.0 = Release|Any CPU
	EndGlobalSection
	GlobalSection(SolutionProperties) = preSolution
		HideSolutionNode = FALSE
	EndGlobalSection
	GlobalSection(ExtensibilityGlobals) = postSolution
		SolutionGuid = {AA66717E-D0D2-4A38-9B70-8CED76D451EF}
	EndGlobalSection
EndGlobal
